
Microsoft Visual Studio Solution File, Format Version 12.00
# Visual Studio Version 18
VisualStudioVersion = 18.4.11519.219
MinimumVisualStudioVersion = 10.0.40219.1
Project("{8BC9CEB8-8B4A-11D0-8D11-00A0C91BC942}") = "Engine", "Engine\Engine.vcxproj", "{2992F6AA-0134-42CD-82ED-774882CF6F3C}"
EndProject
Global
	GlobalSection(SolutionConfigurationPlatforms) = preSolution
		Debug|x64 = Debug|x64
		Release|x64 = Release|x64
		VK_Debug|x64 = VK_Debug|x64
	EndGlobalSection
	GlobalSection(ProjectConfigurationPlatforms) = postSolution
		{2992F6AA-0134-42CD-82ED-774882CF6F3C}.Debug|x64.ActiveCfg = Debug|x64
		{2992F6AA-0134-42CD-82ED-774882CF6F3C}.Debug|x64.Build.0 = Debug|x64
		{2992F6AA-0134-42CD-82ED-774882CF6F3C}.Release|x64.ActiveCfg = Release|x64
		{2992F6AA-0134-42CD-82ED-774882CF6F3C}.Release|x64.Build.0 = Release|x64
		{2992F6AA-0134-42CD-82ED-774882CF6F3C}.VK_Debug|x64.ActiveCfg = VK_Debug|x64
		{2992F6AA-0134-42CD-82ED-774882CF6F3C}.VK_Debug|x64.Build.0 = VK_Debug|x64
	EndGlobalSection
	GlobalSection(SolutionProperties) = preSolution
		HideSolutionNode = FALSE
	EndGlobalSection
	GlobalSection(ExtensibilityGlobals) = postSolution
		SolutionGuid = {B6654640-D35D-4FCB-BE0E-2FE88C2F6544}
	EndGlobalSection
EndGlobal
