<?xml version="1.0" encoding="utf-8"?>
<Project ToolsVersion="4.0" xmlns="http://schemas.microsoft.com/developer/msbuild/2003">
  <ItemGroup>
    <Filter Include="Source Files">
      <UniqueIdentifier>{4FC737F1-C7A5-4376-A066-2A32D752A2FF}</UniqueIdentifier>
      <Extensions>cpp;c;cc;cxx;c++;cppm;ixx;def;odl;idl;hpj;bat;asm;asmx</Extensions>
    </Filter>
    <Filter Include="Header Files">
      <UniqueIdentifier>{93995380-89BD-4b04-88EB-625FBE52EBFB}</UniqueIdentifier>
      <Extensions>h;hh;hpp;hxx;h++;hm;inl;inc;ipp;xsd</Extensions>
    </Filter>
    <Filter Include="Resource Files">
      <UniqueIdentifier>{67DA6AB6-F800-4c08-8B7A-83BB121AAD01}</UniqueIdentifier>
      <Extensions>rc;ico;cur;bmp;dlg;rc2;rct;bin;rgs;gif;jpg;jpeg;jpe;resx;tiff;tif;png;wav;mfcribbon-ms</Extensions>
    </Filter>
  </ItemGroup>
  <ItemGroup>
    <ClCompile Include="src\sys_os_win.cpp">
      <Filter>Source Files</Filter>
    </ClCompile>
    <ClCompile Include="src\r_vk_backend.cpp">
      <Filter>Source Files</Filter>
    </ClCompile>
    <ClCompile Include="src\AssetCompiler\asset_compiler.cpp">
      <Filter>Source Files</Filter>
    </ClCompile>
    <ClCompile Include="src\imgui\imgui.cpp">
      <Filter>Source Files</Filter>
    </ClCompile>
    <ClCompile Include="src\imgui\imgui_demo.cpp">
      <Filter>Source Files</Filter>
    </ClCompile>
    <ClCompile Include="src\imgui\imgui_draw.cpp">
      <Filter>Source Files</Filter>
    </ClCompile>
    <ClCompile Include="src\imgui\imgui_tables.cpp">
      <Filter>Source Files</Filter>
    </ClCompile>
    <ClCompile Include="src\imgui\imgui_widgets.cpp">
      <Filter>Source Files</Filter>
    </ClCompile>
    <ClCompile Include="src\System\Win32\win32_file.cpp">
      <Filter>Source Files</Filter>
    </ClCompile>
    <ClCompile Include="src\AssetCompiler\bcn_compressor.cpp">
      <Filter>Source Files</Filter>
    </ClCompile>
    <ClCompile Include="src\AssetCompiler\spng.c">
      <Filter>Source Files</Filter>
    </ClCompile>
    <ClCompile Include="src\AssetCompiler\lz4.c">
      <Filter>Source Files</Filter>
    </ClCompile>
    <ClCompile Include="src\AssetCompiler\miniz.c">
      <Filter>Source Files</Filter>
    </ClCompile>
    <ClCompile Include="3rdParty\meshoptimizer\src\allocator.cpp">
      <Filter>Source Files</Filter>
    </ClCompile>
    <ClCompile Include="3rdParty\meshoptimizer\src\clusterizer.cpp">
      <Filter>Source Files</Filter>
    </ClCompile>
    <ClCompile Include="3rdParty\meshoptimizer\src\indexanalyzer.cpp">
      <Filter>Source Files</Filter>
    </ClCompile>
    <ClCompile Include="3rdParty\meshoptimizer\src\indexcodec.cpp">
      <Filter>Source Files</Filter>
    </ClCompile>
    <ClCompile Include="3rdParty\meshoptimizer\src\indexgenerator.cpp">
      <Filter>Source Files</Filter>
    </ClCompile>
    <ClCompile Include="3rdParty\meshoptimizer\src\overdrawoptimizer.cpp">
      <Filter>Source Files</Filter>
    </ClCompile>
    <ClCompile Include="3rdParty\meshoptimizer\src\partition.cpp">
      <Filter>Source Files</Filter>
    </ClCompile>
    <ClCompile Include="3rdParty\meshoptimizer\src\quantization.cpp">
      <Filter>Source Files</Filter>
    </ClCompile>
    <ClCompile Include="3rdParty\meshoptimizer\src\rasterizer.cpp">
      <Filter>Source Files</Filter>
    </ClCompile>
    <ClCompile Include="3rdParty\meshoptimizer\src\simplifier.cpp">
      <Filter>Source Files</Filter>
    </ClCompile>
    <ClCompile Include="3rdParty\meshoptimizer\src\spatialorder.cpp">
      <Filter>Source Files</Filter>
    </ClCompile>
    <ClCompile Include="3rdParty\meshoptimizer\src\stripifier.cpp">
      <Filter>Source Files</Filter>
    </ClCompile>
    <ClCompile Include="3rdParty\meshoptimizer\src\vcacheoptimizer.cpp">
      <Filter>Source Files</Filter>
    </ClCompile>
    <ClCompile Include="3rdParty\meshoptimizer\src\vertexcodec.cpp">
      <Filter>Source Files</Filter>
    </ClCompile>
    <ClCompile Include="3rdParty\meshoptimizer\src\vertexfilter.cpp">
      <Filter>Source Files</Filter>
    </ClCompile>
    <ClCompile Include="3rdParty\meshoptimizer\src\vfetchoptimizer.cpp">
      <Filter>Source Files</Filter>
    </ClCompile>
    <ClCompile Include="src\AssetCompiler\texture_compressor.cpp">
      <Filter>Source Files</Filter>
    </ClCompile>
    <ClCompile Include="src\spirv_reflect.c">
      <Filter>Source Files</Filter>
    </ClCompile>
  </ItemGroup>
  <ItemGroup>
    <ClInclude Include="src\core_types.h">
      <Filter>Header Files</Filter>
    </ClInclude>
    <ClInclude Include="src\sys_os_api.h">
      <Filter>Header Files</Filter>
    </ClInclude>
    <ClInclude Include="src\DEFS_WIN32_NO_BS.h">
      <Filter>Header Files</Filter>
    </ClInclude>
    <ClInclude Include="src\vk_procs.h">
      <Filter>Header Files</Filter>
    </ClInclude>
    <ClInclude Include="src\r_data_structs.h">
      <Filter>Header Files</Filter>
    </ClInclude>
    <ClInclude Include="src\Shaders\glsl_func_lib.h">
      <Filter>Header Files</Filter>
    </ClInclude>
    <ClInclude Include="src\AssetCompiler\asset_compiler.h">
      <Filter>Header Files</Filter>
    </ClInclude>
    <ClInclude Include="src\AssetCompiler\bcn_compressor.h">
      <Filter>Header Files</Filter>
    </ClInclude>
    <ClInclude Include="src\imgui\imconfig.h">
      <Filter>Header Files</Filter>
    </ClInclude>
    <ClInclude Include="src\imgui\imgui.h">
      <Filter>Header Files</Filter>
    </ClInclude>
    <ClInclude Include="src\imgui\imgui_internal.h">
      <Filter>Header Files</Filter>
    </ClInclude>
    <ClInclude Include="src\imgui\imstb_rectpack.h">
      <Filter>Header Files</Filter>
    </ClInclude>
    <ClInclude Include="src\imgui\imstb_textedit.h">
      <Filter>Header Files</Filter>
    </ClInclude>
    <ClInclude Include="src\imgui\imstb_truetype.h">
      <Filter>Header Files</Filter>
    </ClInclude>
    <ClInclude Include="src\AssetCompiler\miniz.h">
      <Filter>Header Files</Filter>
    </ClInclude>
    <ClInclude Include="src\vk_timer.h">
      <Filter>Header Files</Filter>
    </ClInclude>
    <ClInclude Include="src\ht_utils.h">
      <Filter>Header Files</Filter>
    </ClInclude>
    <ClInclude Include="src\vk_error.h">
      <Filter>Header Files</Filter>
    </ClInclude>
    <ClInclude Include="src\ht_error.h">
      <Filter>Header Files</Filter>
    </ClInclude>
    <ClInclude Include="src\vk_resources.h">
      <Filter>Header Files</Filter>
    </ClInclude>
    <ClInclude Include="src\ht_geometry.h">
      <Filter>Header Files</Filter>
    </ClInclude>
    <ClInclude Include="src\vk_device.h">
      <Filter>Header Files</Filter>
    </ClInclude>
    <ClInclude Include="src\dxc.h">
      <Filter>Header Files</Filter>
    </ClInclude>
    <ClInclude Include="src\System\sys_file.h">
      <Filter>Header Files</Filter>
    </ClInclude>
    <ClInclude Include="src\System\sys_filesystem.h">
      <Filter>Header Files</Filter>
    </ClInclude>
    <ClInclude Include="src\System\Win32\win32_err.h">
      <Filter>Header Files</Filter>
    </ClInclude>
    <ClInclude Include="src\vk_pso.h">
      <Filter>Header Files</Filter>
    </ClInclude>
    <ClInclude Include="src\Shaders\r_data_structs2.h">
      <Filter>Header Files</Filter>
    </ClInclude>
    <ClInclude Include="src\vk_descriptor.h">
      <Filter>Header Files</Filter>
    </ClInclude>
    <ClInclude Include="src\vk_swapchain.h">
      <Filter>Header Files</Filter>
    </ClInclude>
    <ClInclude Include="3rdParty\vk_mem_alloc.h">
      <Filter>Header Files</Filter>
    </ClInclude>
    <ClInclude Include="src\AssetCompiler\cgltf.h">
      <Filter>Header Files</Filter>
    </ClInclude>
    <ClInclude Include="src\AssetCompiler\spng.h">
      <Filter>Header Files</Filter>
    </ClInclude>
    <ClInclude Include="src\AssetCompiler\lz4.h">
      <Filter>Header Files</Filter>
    </ClInclude>
    <ClInclude Include="3rdParty\meshoptimizer\src\meshoptimizer.h">
      <Filter>Header Files</Filter>
    </ClInclude>
    <ClInclude Include="vcpkg_installed\vcpkg\pkgs\fastgltf_x64-windows\include\fastgltf\base64.hpp">
      <Filter>Header Files</Filter>
    </ClInclude>
    <ClInclude Include="vcpkg_installed\vcpkg\pkgs\fastgltf_x64-windows\include\fastgltf\core.hpp">
      <Filter>Header Files</Filter>
    </ClInclude>
    <ClInclude Include="vcpkg_installed\vcpkg\pkgs\fastgltf_x64-windows\include\fastgltf\dxmath_element_traits.hpp">
      <Filter>Header Files</Filter>
    </ClInclude>
    <ClInclude Include="vcpkg_installed\vcpkg\pkgs\fastgltf_x64-windows\include\fastgltf\glm_element_traits.hpp">
      <Filter>Header Files</Filter>
    </ClInclude>
    <ClInclude Include="vcpkg_installed\vcpkg\pkgs\fastgltf_x64-windows\include\fastgltf\math.hpp">
      <Filter>Header Files</Filter>
    </ClInclude>
    <ClInclude Include="vcpkg_installed\vcpkg\pkgs\fastgltf_x64-windows\include\fastgltf\tools.hpp">
      <Filter>Header Files</Filter>
    </ClInclude>
    <ClInclude Include="vcpkg_installed\vcpkg\pkgs\fastgltf_x64-windows\include\fastgltf\types.hpp">
      <Filter>Header Files</Filter>
    </ClInclude>
    <ClInclude Include="vcpkg_installed\vcpkg\pkgs\fastgltf_x64-windows\include\fastgltf\util.hpp">
      <Filter>Header Files</Filter>
    </ClInclude>
    <ClInclude Include="3rdParty\unordered_dense\include\ankerl\stl.h">
      <Filter>Header Files</Filter>
    </ClInclude>
    <ClInclude Include="3rdParty\unordered_dense\include\ankerl\unordered_dense.h">
      <Filter>Header Files</Filter>
    </ClInclude>
    <ClInclude Include="src\AssetCompiler\texture_compressor.h">
      <Filter>Header Files</Filter>
    </ClInclude>
    <ClInclude Include="src\AssetCompiler\encoding.h">
      <Filter>Header Files</Filter>
    </ClInclude>
    <ClInclude Include="src\ht_math.h">
      <Filter>Header Files</Filter>
    </ClInclude>
    <ClInclude Include="3rdParty\vfspp\include\vfspp\Alias.hpp">
      <Filter>Header Files</Filter>
    </ClInclude>
    <ClInclude Include="3rdParty\vfspp\include\vfspp\FileInfo.hpp">
      <Filter>Header Files</Filter>
    </ClInclude>
    <ClInclude Include="3rdParty\vfspp\include\vfspp\Global.h">
      <Filter>Header Files</Filter>
    </ClInclude>
    <ClInclude Include="3rdParty\vfspp\include\vfspp\IFile.h">
      <Filter>Header Files</Filter>
    </ClInclude>
    <ClInclude Include="3rdParty\vfspp\include\vfspp\IFileSystem.h">
      <Filter>Header Files</Filter>
    </ClInclude>
    <ClInclude Include="3rdParty\vfspp\include\vfspp\MemoryFile.hpp">
      <Filter>Header Files</Filter>
    </ClInclude>
    <ClInclude Include="3rdParty\vfspp\include\vfspp\MemoryFileSystem.hpp">
      <Filter>Header Files</Filter>
    </ClInclude>
    <ClInclude Include="3rdParty\vfspp\include\vfspp\NativeFile.hpp">
      <Filter>Header Files</Filter>
    </ClInclude>
    <ClInclude Include="3rdParty\vfspp\include\vfspp\NativeFileSystem.hpp">
      <Filter>Header Files</Filter>
    </ClInclude>
    <ClInclude Include="3rdParty\vfspp\include\vfspp\ThreadingPolicy.hpp">
      <Filter>Header Files</Filter>
    </ClInclude>
    <ClInclude Include="3rdParty\vfspp\include\vfspp\VFS.h">
      <Filter>Header Files</Filter>
    </ClInclude>
    <ClInclude Include="3rdParty\vfspp\include\vfspp\VirtualFileSystem.hpp">
      <Filter>Header Files</Filter>
    </ClInclude>
    <ClInclude Include="3rdParty\vfspp\include\vfspp\ZipFile.hpp">
      <Filter>Header Files</Filter>
    </ClInclude>
    <ClInclude Include="3rdParty\vfspp\include\vfspp\ZipFileSystem.hpp">
      <Filter>Header Files</Filter>
    </ClInclude>
    <ClInclude Include="3rdParty\vfspp\vendor\miniz-cpp\zip_file.hpp">
      <Filter>Header Files</Filter>
    </ClInclude>
  </ItemGroup>
  <ItemGroup>
    <CustomBuild Include="src\Shaders\depth_pyramid.comp.glsl" />
    <CustomBuild Include="src\Shaders\c_draw_cull.comp.glsl" />
    <CustomBuild Include="src\Shaders\avg_luminance.comp.glsl" />
    <CustomBuild Include="src\Shaders\v_cpu_dbg_draw.vert.glsl" />
    <CustomBuild Include="src\Shaders\pbr.frag.glsl" />
    <CustomBuild Include="src\Shaders\box_meshlet_draw.vert.glsl" />
    <CustomBuild Include="src\Shaders\vtx_merged.vert.glsl">
      <Filter>Source Files</Filter>
    </CustomBuild>
    <CustomBuild Include="src\Shaders\v_z_prepass.vert.glsl" />
    <CustomBuild Include="src\imgui\shader_imgui.vert.glsl" />
    <CustomBuild Include="src\imgui\shader_imgui.frag.glsl" />
    <CustomBuild Include="src\Shaders\meshlet.vert.glsl" />
  </ItemGroup>
  <ItemGroup>
    <None Include="src\Shaders\imgui_vert.hlsl" />
    <None Include="packages.config" />
    <None Include="dxc_compile_shaders.py" />
    <None Include="run_dxc_compile.bat">
      <Filter>Source Files</Filter>
    </None>
    <None Include="src\Shaders\imgui_frag.hlsl" />
    <None Include="src\Shaders\c_pow2_downsampler.hlsl" />
    <None Include="src\Shaders\c_tonemapping_gamma.hlsl" />
    <None Include="src\Shaders\f_pass_col.frag.glsl" />
    <None Include="src\Shaders\v_z_prepass.hlsl.null" />
    <None Include="src\Shaders\v_debug_draw.hlsl.null" />
    <None Include="src\Shaders\f_col_pass.hlsl" />
    <None Include="src\Shaders\c_avg_luminance.hlsl" />
    <None Include="src\r_dx12_backend.cpp">
      <Filter>Source Files</Filter>
    </None>
  </ItemGroup>
  <ItemGroup>
    <Text Include="CMakeLists.txt" />
  </ItemGroup>
</Project>