<?xml version="1.0" encoding="utf-8"?>
<Project ToolsVersion="4.0" xmlns="http://schemas.microsoft.com/developer/msbuild/2003">
  <ItemGroup>
    <Filter Include="Source Files">
      <UniqueIdentifier>{4FC737F1-C7A5-4376-A066-2A32D752A2FF}</UniqueIdentifier>
      <Extensions>cpp;c;cc;cxx;c++;cppm;ixx;def;odl;idl;hpj;bat;asm;asmx</Extensions>
    </Filter>
    <Filter Include="Header Files">
      <UniqueIdentifier>{93995380-89BD-4b04-88EB-625FBE52EBFB}</UniqueIdentifier>
      <Extensions>h;hh;hpp;hxx;h++;hm;inl;inc;ipp;xsd</Extensions>
    </Filter>
    <Filter Include="Resource Files">
      <UniqueIdentifier>{67DA6AB6-F800-4c08-8B7A-83BB121AAD01}</UniqueIdentifier>
      <Extensions>rc;ico;cur;bmp;dlg;rc2;rct;bin;rgs;gif;jpg;jpeg;jpe;resx;tiff;tif;png;wav;mfcribbon-ms</Extensions>
    </Filter>
  </ItemGroup>
  <ItemGroup>
    <ClCompile Include="sys_os_win.cpp">
      <Filter>Source Files</Filter>
    </ClCompile>
    <ClCompile Include="renderer.cpp">
      <Filter>Source Files</Filter>
    </ClCompile>
    <ClCompile Include="System\Win32\win32_file.cpp">
      <Filter>Source Files</Filter>
    </ClCompile>
    <ClCompile Include="vk_backend.cpp">
      <Filter>Source Files</Filter>
    </ClCompile>
    <ClCompile Include="spirv_reflect.c">
      <Filter>Source Files</Filter>
    </ClCompile>
    <ClCompile Include="$(SolutionDir)3rdParty\imgui\imgui.cpp">
      <Filter>Source Files</Filter>
    </ClCompile>
    <ClCompile Include="$(SolutionDir)3rdParty\imgui\imgui_draw.cpp">
      <Filter>Source Files</Filter>
    </ClCompile>
    <ClCompile Include="$(SolutionDir)3rdParty\imgui\imgui_tables.cpp">
      <Filter>Source Files</Filter>
    </ClCompile>
    <ClCompile Include="$(SolutionDir)3rdParty\imgui\imgui_widgets.cpp">
      <Filter>Source Files</Filter>
    </ClCompile>
    <ClCompile Include="System\Win32\win32.cpp">
      <Filter>Source Files</Filter>
    </ClCompile>
  </ItemGroup>
  <ItemGroup>
    <ClInclude Include="sys_os_api.h">
      <Filter>Header Files</Filter>
    </ClInclude>
    <ClInclude Include="r_data_structs.h">
      <Filter>Header Files</Filter>
    </ClInclude>
    <ClInclude Include="Shaders\glsl_func_lib.h">
      <Filter>Header Files</Filter>
    </ClInclude>
    <ClInclude Include="AssetCompiler\miniz.h">
      <Filter>Header Files</Filter>
    </ClInclude>
    <ClInclude Include="vk_timer.h">
      <Filter>Header Files</Filter>
    </ClInclude>
    <ClInclude Include="vk_error.h">
      <Filter>Header Files</Filter>
    </ClInclude>
    <ClInclude Include="vk_resources.h">
      <Filter>Header Files</Filter>
    </ClInclude>
    <ClInclude Include="vk_context.h">
      <Filter>Header Files</Filter>
    </ClInclude>
    <ClInclude Include="dxc.h">
      <Filter>Header Files</Filter>
    </ClInclude>
    <ClInclude Include="System\sys_file.h">
      <Filter>Header Files</Filter>
    </ClInclude>
    <ClInclude Include="System\sys_filesystem.h">
      <Filter>Header Files</Filter>
    </ClInclude>
    <ClInclude Include="System\Win32\win32_err.h">
      <Filter>Header Files</Filter>
    </ClInclude>
    <ClInclude Include="vk_pso.h">
      <Filter>Header Files</Filter>
    </ClInclude>
    <ClInclude Include="Shaders\r_data_structs2.h">
      <Filter>Header Files</Filter>
    </ClInclude>
    <ClInclude Include="AssetCompiler\cgltf.h">
      <Filter>Header Files</Filter>
    </ClInclude>
    <ClInclude Include="AssetCompiler\spng.h">
      <Filter>Header Files</Filter>
    </ClInclude>
    <ClInclude Include="AssetCompiler\lz4.h">
      <Filter>Header Files</Filter>
    </ClInclude>
    <ClInclude Include="vcpkg_installed\vcpkg\pkgs\fastgltf_x64-windows\include\fastgltf\base64.hpp">
      <Filter>Header Files</Filter>
    </ClInclude>
    <ClInclude Include="vcpkg_installed\vcpkg\pkgs\fastgltf_x64-windows\include\fastgltf\core.hpp">
      <Filter>Header Files</Filter>
    </ClInclude>
    <ClInclude Include="vcpkg_installed\vcpkg\pkgs\fastgltf_x64-windows\include\fastgltf\dxmath_element_traits.hpp">
      <Filter>Header Files</Filter>
    </ClInclude>
    <ClInclude Include="vcpkg_installed\vcpkg\pkgs\fastgltf_x64-windows\include\fastgltf\glm_element_traits.hpp">
      <Filter>Header Files</Filter>
    </ClInclude>
    <ClInclude Include="vcpkg_installed\vcpkg\pkgs\fastgltf_x64-windows\include\fastgltf\math.hpp">
      <Filter>Header Files</Filter>
    </ClInclude>
    <ClInclude Include="vcpkg_installed\vcpkg\pkgs\fastgltf_x64-windows\include\fastgltf\tools.hpp">
      <Filter>Header Files</Filter>
    </ClInclude>
    <ClInclude Include="vcpkg_installed\vcpkg\pkgs\fastgltf_x64-windows\include\fastgltf\types.hpp">
      <Filter>Header Files</Filter>
    </ClInclude>
    <ClInclude Include="vcpkg_installed\vcpkg\pkgs\fastgltf_x64-windows\include\fastgltf\util.hpp">
      <Filter>Header Files</Filter>
    </ClInclude>
    <ClInclude Include="vk_types.h">
      <Filter>Header Files</Filter>
    </ClInclude>
    <ClInclude Include="vk_command_buffer.h">
      <Filter>Header Files</Filter>
    </ClInclude>
    <ClInclude Include="vk_sync.h">
      <Filter>Header Files</Filter>
    </ClInclude>
    <ClInclude Include="vk_utils.h">
      <Filter>Header Files</Filter>
    </ClInclude>
    <ClInclude Include="$(SolutionDir)3rdParty\unordered_dense\include\ankerl\stl.h">
      <Filter>Header Files</Filter>
    </ClInclude>
    <ClInclude Include="$(SolutionDir)3rdParty\unordered_dense\include\ankerl\unordered_dense.h">
      <Filter>Header Files</Filter>
    </ClInclude>
    <ClInclude Include="System\sys_sync.h">
      <Filter>Header Files</Filter>
    </ClInclude>
    <ClInclude Include="ht_mtx_queue.h">
      <Filter>Header Files</Filter>
    </ClInclude>
  </ItemGroup>
  <ItemGroup>
    <CustomBuild Include="Shaders\depth_pyramid.comp.glsl" />
    <CustomBuild Include="Shaders\c_draw_cull.comp.glsl" />
    <CustomBuild Include="Shaders\avg_luminance.comp.glsl" />
    <CustomBuild Include="Shaders\v_cpu_dbg_draw.vert.glsl" />
    <CustomBuild Include="Shaders\pbr.frag.glsl" />
    <CustomBuild Include="Shaders\box_meshlet_draw.vert.glsl" />
    <CustomBuild Include="Shaders\vtx_merged.vert.glsl">
      <Filter>Source Files</Filter>
    </CustomBuild>
    <CustomBuild Include="Shaders\v_z_prepass.vert.glsl" />
    <CustomBuild Include="Shaders\meshlet.vert.glsl" />
  </ItemGroup>
  <ItemGroup>
    <None Include="Shaders\imgui_vert.hlsl" />
    <None Include="packages.config" />
    <None Include="dxc_compile_shaders.py" />
    <None Include="run_dxc_compile.bat">
      <Filter>Source Files</Filter>
    </None>
    <None Include="Shaders\imgui_frag.hlsl" />
    <None Include="Shaders\c_pow2_downsampler.hlsl" />
    <None Include="Shaders\c_tonemapping_gamma.hlsl" />
    <None Include="Shaders\f_pass_col.frag.glsl" />
    <None Include="Shaders\v_z_prepass.hlsl.null" />
    <None Include="Shaders\v_debug_draw.hlsl.null" />
    <None Include="Shaders\f_col_pass.hlsl" />
    <None Include="Shaders\c_avg_luminance.hlsl" />
    <None Include="r_dx12_backend.cpp">
      <Filter>Source Files</Filter>
    </None>
    <None Include="Shaders\c_draw_cull.hlsl" />
  </ItemGroup>
  <ItemGroup>
    <Natvis Include="$(SolutionDir)3rdParty\VulkanMemoryAllocator\src\vk_mem_alloc.natvis" />
  </ItemGroup>
</Project>